// !$*UTF8*$!
{
	archiveVersion = 1;
	classes = {
	};
	objectVersion = 77;
	objects = {

/* Begin PBXBuildFile section */
		224F8C47B87CA4E5B08373C2 /* TranscriptWindowViewModel.swift in Sources */ = {isa = PBXBuildFile; fileRef = 130DED6CB35ECD42C0630A48 /* TranscriptWindowViewModel.swift */; };
		3B6396D133DD1CA973D3005C /* AppState.swift in Sources */ = {isa = PBXBuildFile; fileRef = 372BD61C653931FAB0F82431 /* AppState.swift */; };
		6BEF232B958B0796CF21EDB4 /* TranscriptWindowView.swift in Sources */ = {isa = PBXBuildFile; fileRef = 142E4CF5C45AE11C227A0304 /* TranscriptWindowView.swift */; };
		854DAC021C743EFB0B4E7FF6 /* Moonshine in Frameworks */ = {isa = PBXBuildFile; productRef = 4F6A7E1B326F5A59D1D92084 /* Moonshine */; };
		B542407DB336120EEC91A42C /* AudioCapture.swift in Sources */ = {isa = PBXBuildFile; fileRef = FC2948C154394A135245FC1D /* AudioCapture.swift */; };
		BF86ED1D4568259C6C94AE03 /* TranscriptDocument.swift in Sources */ = {isa = PBXBuildFile; fileRef = 5B204CF28BC22FA92E732F3E /* TranscriptDocument.swift */; };
		D0BF0EB1FD65B32D797F7CAA /* SettingsView.swift in Sources */ = {isa = PBXBuildFile; fileRef = 5764A96956DF01C37AEAEE0C /* SettingsView.swift */; };
		F2E46F4F5FC45F531890A595 /* ExportManager.swift in Sources */ = {isa = PBXBuildFile; fileRef = 667281353E833C3C72B81108 /* ExportManager.swift */; };
		FD046A4C5B7FCE7B6E569A9E /* App.swift in Sources */ = {isa = PBXBuildFile; fileRef = 3BB0C7571335499B22D10B07 /* App.swift */; };
/* End PBXBuildFile section */

/* Begin PBXFileReference section */
		130DED6CB35ECD42C0630A48 /* TranscriptWindowViewModel.swift */ = {isa = PBXFileReference; lastKnownFileType = sourcecode.swift; path = TranscriptWindowViewModel.swift; sourceTree = "<group>"; };
		142E4CF5C45AE11C227A0304 /* TranscriptWindowView.swift */ = {isa = PBXFileReference; lastKnownFileType = sourcecode.swift; path = TranscriptWindowView.swift; sourceTree = "<group>"; };
		372BD61C653931FAB0F82431 /* AppState.swift */ = {isa = PBXFileReference; lastKnownFileType = sourcecode.swift; path = AppState.swift; sourceTree = "<group>"; };
		3BB0C7571335499B22D10B07 /* App.swift */ = {isa = PBXFileReference; lastKnownFileType = sourcecode.swift; path = App.swift; sourceTree = "<group>"; };
		5764A96956DF01C37AEAEE0C /* SettingsView.swift */ = {isa = PBXFileReference; lastKnownFileType = sourcecode.swift; path = SettingsView.swift; sourceTree = "<group>"; };
		5B204CF28BC22FA92E732F3E /* TranscriptDocument.swift */ = {isa = PBXFileReference; lastKnownFileType = sourcecode.swift; path = TranscriptDocument.swift; sourceTree = "<group>"; };
		5C759797B08DF092F42E1EA9 /* OpenNoteTaker.app */ = {isa = PBXFileReference; explicitFileType = wrapper.application; includeInIndex = 0; path = OpenNoteTaker.app; sourceTree = BUILT_PRODUCTS_DIR; };
		667281353E833C3C72B81108 /* ExportManager.swift */ = {isa = PBXFileReference; lastKnownFileType = sourcecode.swift; path = ExportManager.swift; sourceTree = "<group>"; };
		C1FB21F9E20168CD82EF9911 /* swift */ = {isa = PBXFileReference; lastKnownFileType = folder; name = swift; path = ../../../swift; sourceTree = SOURCE_ROOT; };
		FC2948C154394A135245FC1D /* AudioCapture.swift */ = {isa = PBXFileReference; lastKnownFileType = sourcecode.swift; path = AudioCapture.swift; sourceTree = "<group>"; };
/* End PBXFileReference section */

/* Begin PBXFrameworksBuildPhase section */
		6E149991C4F68FDDC779D32C /* Frameworks */ = {
			isa = PBXFrameworksBuildPhase;
			buildActionMask = 2147483647;
			files = (
				854DAC021C743EFB0B4E7FF6 /* Moonshine in Frameworks */,
			);
			runOnlyForDeploymentPostprocessing = 0;
		};
/* End PBXFrameworksBuildPhase section */

/* Begin PBXGroup section */
		4781BB2D05812596BDF0C072 /* Packages */ = {
			isa = PBXGroup;
			children = (
				C1FB21F9E20168CD82EF9911 /* swift */,
			);
			name = Packages;
			sourceTree = "<group>";
		};
		5028E30CC47F6D7B75A0077E /* Products */ = {
			isa = PBXGroup;
			children = (
				5C759797B08DF092F42E1EA9 /* OpenNoteTaker.app */,
			);
			name = Products;
			sourceTree = "<group>";
		};
		619F5F77BB7795FADEF82435 /* OpenNoteTaker */ = {
			isa = PBXGroup;
			children = (
				3BB0C7571335499B22D10B07 /* App.swift */,
				372BD61C653931FAB0F82431 /* AppState.swift */,
				FC2948C154394A135245FC1D /* AudioCapture.swift */,
				667281353E833C3C72B81108 /* ExportManager.swift */,
				5764A96956DF01C37AEAEE0C /* SettingsView.swift */,
				5B204CF28BC22FA92E732F3E /* TranscriptDocument.swift */,
				142E4CF5C45AE11C227A0304 /* TranscriptWindowView.swift */,
				130DED6CB35ECD42C0630A48 /* TranscriptWindowViewModel.swift */,
			);
			name = OpenNoteTaker;
			path = Sources/OpenNoteTaker;
			sourceTree = "<group>";
		};
		EB103F61494076E28A7FB2FD = {
			isa = PBXGroup;
			children = (
				619F5F77BB7795FADEF82435 /* OpenNoteTaker */,
				4781BB2D05812596BDF0C072 /* Packages */,
				5028E30CC47F6D7B75A0077E /* Products */,
			);
			sourceTree = "<group>";
		};
/* End PBXGroup section */

/* Begin PBXNativeTarget section */
		5D740E1EE4B4E5905E01789E /* OpenNoteTaker */ = {
			isa = PBXNativeTarget;
			buildConfigurationList = 3C25E9334749827788DB9391 /* Build configuration list for PBXNativeTarget "OpenNoteTaker" */;
			buildPhases = (
				8140FA9537D048633026780E /* Sources */,
				6E149991C4F68FDDC779D32C /* Frameworks */,
			);
			buildRules = (
			);
			dependencies = (
			);
			name = OpenNoteTaker;
			packageProductDependencies = (
				4F6A7E1B326F5A59D1D92084 /* Moonshine */,
			);
			productName = OpenNoteTaker;
			productReference = 5C759797B08DF092F42E1EA9 /* OpenNoteTaker.app */;
			productType = "com.apple.product-type.application";
		};
/* End PBXNativeTarget section */

/* Begin PBXProject section */
		273A76594A814A286252C9FC /* Project object */ = {
			isa = PBXProject;
			attributes = {
				BuildIndependentTargetsInParallel = YES;
				LastUpgradeCheck = 1500;
			};
			buildConfigurationList = 81AA26E3D6D284CE1D738003 /* Build configuration list for PBXProject "OpenNoteTaker" */;
			compatibilityVersion = "Xcode 14.0";
			developmentRegion = en;
			hasScannedForEncodings = 0;
			knownRegions = (
				Base,
				en,
			);
			mainGroup = EB103F61494076E28A7FB2FD;
			minimizedProjectReferenceProxies = 1;
			packageReferences = (
				A022D4A376B908258A662CC4 /* XCLocalSwiftPackageReference "../../../swift" */,
			);
			preferredProjectObjectVersion = 77;
			projectDirPath = "";
			projectRoot = "";
			targets = (
				5D740E1EE4B4E5905E01789E /* OpenNoteTaker */,
			);
		};
/* End PBXProject section */

/* Begin PBXSourcesBuildPhase section */
		8140FA9537D048633026780E /* Sources */ = {
			isa = PBXSourcesBuildPhase;
			buildActionMask = 2147483647;
			files = (
				FD046A4C5B7FCE7B6E569A9E /* App.swift in Sources */,
				3B6396D133DD1CA973D3005C /* AppState.swift in Sources */,
				B542407DB336120EEC91A42C /* AudioCapture.swift in Sources */,
				F2E46F4F5FC45F531890A595 /* ExportManager.swift in Sources */,
				D0BF0EB1FD65B32D797F7CAA /* SettingsView.swift in Sources */,
				BF86ED1D4568259C6C94AE03 /* TranscriptDocument.swift in Sources */,
				6BEF232B958B0796CF21EDB4 /* TranscriptWindowView.swift in Sources */,
				224F8C47B87CA4E5B08373C2 /* TranscriptWindowViewModel.swift in Sources */,
			);
			runOnlyForDeploymentPostprocessing = 0;
		};
/* End PBXSourcesBuildPhase section */

/* Begin XCBuildConfiguration section */
		175A388DF3E439507C544427 /* Release */ = {
			isa = XCBuildConfiguration;
			buildSettings = {
				ALWAYS_SEARCH_USER_PATHS = NO;
				CLANG_ANALYZER_NONNULL = YES;
				CLANG_ANALYZER_NUMBER_OBJECT_CONVERSION = YES_AGGRESSIVE;
				CLANG_CXX_LANGUAGE_STANDARD = "gnu++14";
				CLANG_CXX_LIBRARY = "libc++";
				CLANG_ENABLE_MODULES = YES;
				CLANG_ENABLE_OBJC_ARC = YES;
				CLANG_ENABLE_OBJC_WEAK = YES;
				CLANG_WARN_BLOCK_CAPTURE_AUTORELEASING = YES;
				CLANG_WARN_BOOL_CONVERSION = YES;
				CLANG_WARN_COMMA = YES;
				CLANG_WARN_CONSTANT_CONVERSION = YES;
				CLANG_WARN_DEPRECATED_OBJC_IMPLEMENTATIONS = YES;
				CLANG_WARN_DIRECT_OBJC_ISA_USAGE = YES_ERROR;
				CLANG_WARN_DOCUMENTATION_COMMENTS = YES;
				CLANG_WARN_EMPTY_BODY = YES;
				CLANG_WARN_ENUM_CONVERSION = YES;
				CLANG_WARN_INFINITE_RECURSION = YES;
				CLANG_WARN_INT_CONVERSION = YES;
				CLANG_WARN_NON_LITERAL_NULL_CONVERSION = YES;
				CLANG_WARN_OBJC_IMPLICIT_RETAIN_SELF = YES;
				CLANG_WARN_OBJC_LITERAL_CONVERSION = YES;
				CLANG_WARN_OBJC_ROOT_CLASS = YES_ERROR;
				CLANG_WARN_QUOTED_INCLUDE_IN_FRAMEWORK_HEADER = YES;
				CLANG_WARN_RANGE_LOOP_ANALYSIS = YES;
				CLANG_WARN_STRICT_PROTOTYPES = YES;
				CLANG_WARN_SUSPICIOUS_MOVE = YES;
				CLANG_WARN_UNGUARDED_AVAILABILITY = YES_AGGRESSIVE;
				CLANG_WARN_UNREACHABLE_CODE = YES;
				CLANG_WARN__DUPLICATE_METHOD_MATCH = YES;
				COPY_PHASE_STRIP = NO;
				DEBUG_INFORMATION_FORMAT = "dwarf-with-dsym";
				ENABLE_NS_ASSERTIONS = NO;
				ENABLE_STRICT_OBJC_MSGSEND = YES;
				GCC_C_LANGUAGE_STANDARD = gnu11;
				GCC_NO_COMMON_BLOCKS = YES;
				GCC_WARN_64_TO_32_BIT_CONVERSION = YES;
				GCC_WARN_ABOUT_RETURN_TYPE = YES_ERROR;
				GCC_WARN_UNDECLARED_SELECTOR = YES;
				GCC_WARN_UNINITIALIZED_AUTOS = YES_AGGRESSIVE;
				GCC_WARN_UNUSED_FUNCTION = YES;
				GCC_WARN_UNUSED_VARIABLE = YES;
				MACOSX_DEPLOYMENT_TARGET = 13.0;
				MTL_ENABLE_DEBUG_INFO = NO;
				MTL_FAST_MATH = YES;
				PRODUCT_NAME = "$(TARGET_NAME)";
				SDKROOT = macosx;
				SWIFT_COMPILATION_MODE = wholemodule;
				SWIFT_OPTIMIZATION_LEVEL = "-O";
				SWIFT_VERSION = 5.0;
			};
			name = Release;
		};
		7F6ABD7BE5C51295387C0D89 /* Debug */ = {
			isa = XCBuildConfiguration;
			buildSettings = {
				ALWAYS_SEARCH_USER_PATHS = NO;
				CLANG_ANALYZER_NONNULL = YES;
				CLANG_ANALYZER_NUMBER_OBJECT_CONVERSION = YES_AGGRESSIVE;
				CLANG_CXX_LANGUAGE_STANDARD = "gnu++14";
				CLANG_CXX_LIBRARY = "libc++";
				CLANG_ENABLE_MODULES = YES;
				CLANG_ENABLE_OBJC_ARC = YES;
				CLANG_ENABLE_OBJC_WEAK = YES;
				CLANG_WARN_BLOCK_CAPTURE_AUTORELEASING = YES;
				CLANG_WARN_BOOL_CONVERSION = YES;
				CLANG_WARN_COMMA = YES;
				CLANG_WARN_CONSTANT_CONVERSION = YES;
				CLANG_WARN_DEPRECATED_OBJC_IMPLEMENTATIONS = YES;
				CLANG_WARN_DIRECT_OBJC_ISA_USAGE = YES_ERROR;
				CLANG_WARN_DOCUMENTATION_COMMENTS = YES;
				CLANG_WARN_EMPTY_BODY = YES;
				CLANG_WARN_ENUM_CONVERSION = YES;
				CLANG_WARN_INFINITE_RECURSION = YES;
				CLANG_WARN_INT_CONVERSION = YES;
				CLANG_WARN_NON_LITERAL_NULL_CONVERSION = YES;
				CLANG_WARN_OBJC_IMPLICIT_RETAIN_SELF = YES;
				CLANG_WARN_OBJC_LITERAL_CONVERSION = YES;
				CLANG_WARN_OBJC_ROOT_CLASS = YES_ERROR;
				CLANG_WARN_QUOTED_INCLUDE_IN_FRAMEWORK_HEADER = YES;
				CLANG_WARN_RANGE_LOOP_ANALYSIS = YES;
				CLANG_WARN_STRICT_PROTOTYPES = YES;
				CLANG_WARN_SUSPICIOUS_MOVE = YES;
				CLANG_WARN_UNGUARDED_AVAILABILITY = YES_AGGRESSIVE;
				CLANG_WARN_UNREACHABLE_CODE = YES;
				CLANG_WARN__DUPLICATE_METHOD_MATCH = YES;
				COPY_PHASE_STRIP = NO;
				DEBUG_INFORMATION_FORMAT = dwarf;
				ENABLE_STRICT_OBJC_MSGSEND = YES;
				ENABLE_TESTABILITY = YES;
				GCC_C_LANGUAGE_STANDARD = gnu11;
				GCC_DYNAMIC_NO_PIC = NO;
				GCC_NO_COMMON_BLOCKS = YES;
				GCC_OPTIMIZATION_LEVEL = 0;
				GCC_PREPROCESSOR_DEFINITIONS = (
					"$(inherited)",
					"DEBUG=1",
				);
				GCC_WARN_64_TO_32_BIT_CONVERSION = YES;
				GCC_WARN_ABOUT_RETURN_TYPE = YES_ERROR;
				GCC_WARN_UNDECLARED_SELECTOR = YES;
				GCC_WARN_UNINITIALIZED_AUTOS = YES_AGGRESSIVE;
				GCC_WARN_UNUSED_FUNCTION = YES;
				GCC_WARN_UNUSED_VARIABLE = YES;
				MACOSX_DEPLOYMENT_TARGET = 13.0;
				MTL_ENABLE_DEBUG_INFO = INCLUDE_SOURCE;
				MTL_FAST_MATH = YES;
				ONLY_ACTIVE_ARCH = YES;
				PRODUCT_NAME = "$(TARGET_NAME)";
				SDKROOT = macosx;
				SWIFT_ACTIVE_COMPILATION_CONDITIONS = DEBUG;
				SWIFT_OPTIMIZATION_LEVEL = "-Onone";
				SWIFT_VERSION = 5.0;
			};
			name = Debug;
		};
		97111ABB866196548E429069 /* Debug */ = {
			isa = XCBuildConfiguration;
			buildSettings = {
				ASSETCATALOG_COMPILER_APPICON_NAME = AppIcon;
				CODE_SIGN_ENTITLEMENTS = OpenNoteTaker.entitlements;
				COMBINE_HIDPI_IMAGES = YES;
				ENABLE_HARDENED_RUNTIME = YES;
				INFOPLIST_FILE = Info.plist;
				INFOPLIST_KEY_CFBundleDisplayName = OpenNoteTaker;
				INFOPLIST_KEY_CFBundleName = OpenNoteTaker;
				INFOPLIST_KEY_NSHighResolutionCapable = YES;
				INFOPLIST_KEY_NSHumanReadableCopyright = "";
				INFOPLIST_KEY_NSPrincipalClass = NSApplication;
				LD_RUNPATH_SEARCH_PATHS = (
					"$(inherited)",
					"@executable_path/../Frameworks",
				);
				MACOSX_DEPLOYMENT_TARGET = 13.0;
				PRODUCT_BUNDLE_IDENTIFIER = com.moonshine.OpenNoteTaker;
				PRODUCT_NAME = OpenNoteTaker;
				SDKROOT = macosx;
				SWIFT_VERSION = 6.0;
			};
			name = Debug;
		};
		EEEC5E49DB7E7AD869A4BF01 /* Release */ = {
			isa = XCBuildConfiguration;
			buildSettings = {
				ASSETCATALOG_COMPILER_APPICON_NAME = AppIcon;
				CODE_SIGN_ENTITLEMENTS = OpenNoteTaker.entitlements;
				COMBINE_HIDPI_IMAGES = YES;
				ENABLE_HARDENED_RUNTIME = YES;
				INFOPLIST_FILE = Info.plist;
				INFOPLIST_KEY_CFBundleDisplayName = OpenNoteTaker;
				INFOPLIST_KEY_CFBundleName = OpenNoteTaker;
				INFOPLIST_KEY_NSHighResolutionCapable = YES;
				INFOPLIST_KEY_NSHumanReadableCopyright = "";
				INFOPLIST_KEY_NSPrincipalClass = NSApplication;
				LD_RUNPATH_SEARCH_PATHS = (
					"$(inherited)",
					"@executable_path/../Frameworks",
				);
				MACOSX_DEPLOYMENT_TARGET = 13.0;
				PRODUCT_BUNDLE_IDENTIFIER = com.moonshine.OpenNoteTaker;
				PRODUCT_NAME = OpenNoteTaker;
				SDKROOT = macosx;
				SWIFT_VERSION = 6.0;
			};
			name = Release;
		};
/* End XCBuildConfiguration section */

/* Begin XCConfigurationList section */
		3C25E9334749827788DB9391 /* Build configuration list for PBXNativeTarget "OpenNoteTaker" */ = {
			isa = XCConfigurationList;
			buildConfigurations = (
				97111ABB866196548E429069 /* Debug */,
				EEEC5E49DB7E7AD869A4BF01 /* Release */,
			);
			defaultConfigurationIsVisible = 0;
			defaultConfigurationName = Debug;
		};
		81AA26E3D6D284CE1D738003 /* Build configuration list for PBXProject "OpenNoteTaker" */ = {
			isa = XCConfigurationList;
			buildConfigurations = (
				7F6ABD7BE5C51295387C0D89 /* Debug */,
				175A388DF3E439507C544427 /* Release */,
			);
			defaultConfigurationIsVisible = 0;
			defaultConfigurationName = Debug;
		};
/* End XCConfigurationList section */

/* Begin XCLocalSwiftPackageReference section */
		A022D4A376B908258A662CC4 /* XCLocalSwiftPackageReference "../../../swift" */ = {
			isa = XCLocalSwiftPackageReference;
			relativePath = ../../../swift;
		};
/* End XCLocalSwiftPackageReference section */

/* Begin XCSwiftPackageProductDependency section */
		4F6A7E1B326F5A59D1D92084 /* Moonshine */ = {
			isa = XCSwiftPackageProductDependency;
			productName = Moonshine;
		};
/* End XCSwiftPackageProductDependency section */
	};
	rootObject = 273A76594A814A286252C9FC /* Project object */;
}
